
Microsoft Visual Studio Solution File, Format Version 12.00
# Visual Studio Version 16
VisualStudioVersion = 16.0.30611.23
MinimumVisualStudioVersion = 10.0.40219.1
Project("{FAE04EC0-301F-11D3-BF4B-00C04F79EFBC}") = "CS023HodnotaMintermMaxterm", "CS023HodnotaMintermMaxterm\CS023HodnotaMintermMaxterm.csproj", "{C834AD8C-9165-443C-AAF4-1E58DB3F8F40}"
EndProject
Global
	GlobalSection(SolutionConfigurationPlatforms) = preSolution
		Debug|Any CPU = Debug|Any CPU
		Release|Any CPU = Release|Any CPU
	EndGlobalSection
	GlobalSection(ProjectConfigurationPlatforms) = postSolution
		{C834AD8C-9165-443C-AAF4-1E58DB3F8F40}.Debug|Any CPU.ActiveCfg = Debug|Any CPU
		{C834AD8C-9165-443C-AAF4-1E58DB3F8F40}.Debug|Any CPU.Build.0 = Debug|Any CPU
		{C834AD8C-9165-443C-AAF4-1E58DB3F8F40}.Release|Any CPU.ActiveCfg = Release|Any CPU
		{C834AD8C-9165-443C-AAF4-1E58DB3F8F40}.Release|Any CPU.Build.0 = Release|Any CPU
	EndGlobalSection
	GlobalSection(SolutionProperties) = preSolution
		HideSolutionNode = FALSE
	EndGlobalSection
	GlobalSection(ExtensibilityGlobals) = postSolution
		SolutionGuid = {38B98A41-1D3E-47CC-ABA8-5EC47B2F93D2}
	EndGlobalSection
EndGlobal
